
Microsoft Visual Studio Solution File, Format Version 12.00
# Visual Studio Version 16
VisualStudioVersion = 16.0.29215.179
MinimumVisualStudioVersion = 10.0.40219.1
Project("{FAE04EC0-301F-11D3-BF4B-00C04F79EFBC}") = "TestownikWindowsFormsAPP", "TestownikWindowsFormsAPP\TestownikWindowsFormsAPP.csproj", "{74E1FCC4-8B18-45CC-987E-6BCFD0276E0B}"
EndProject
Global
	GlobalSection(SolutionConfigurationPlatforms) = preSolution
		Debug|Any CPU = Debug|Any CPU
		Release|Any CPU = Release|Any CPU
	EndGlobalSection
	GlobalSection(ProjectConfigurationPlatforms) = postSolution
		{74E1FCC4-8B18-45CC-987E-6BCFD0276E0B}.Debug|Any CPU.ActiveCfg = Debug|Any CPU
		{74E1FCC4-8B18-45CC-987E-6BCFD0276E0B}.Debug|Any CPU.Build.0 = Debug|Any CPU
		{74E1FCC4-8B18-45CC-987E-6BCFD0276E0B}.Release|Any CPU.ActiveCfg = Release|Any CPU
		{74E1FCC4-8B18-45CC-987E-6BCFD0276E0B}.Release|Any CPU.Build.0 = Release|Any CPU
	EndGlobalSection
	GlobalSection(SolutionProperties) = preSolution
		HideSolutionNode = FALSE
	EndGlobalSection
	GlobalSection(ExtensibilityGlobals) = postSolution
		SolutionGuid = {A162A67C-E610-4C75-99CA-9B4CF2FB2291}
	EndGlobalSection
EndGlobal
